
Microsoft Visual Studio Solution File, Format Version 12.00
# Visual Studio Version 16
VisualStudioVersion = 16.0.29905.134
MinimumVisualStudioVersion = 10.0.40219.1
Project("{9A19103F-16F7-4668-BE54-9A1E7A4F7556}") = "Test.Business", "Test.Business\Test.Business.csproj", "{1CB9EC1B-53A5-4623-ACEB-8DD495359539}"
EndProject
Project("{9A19103F-16F7-4668-BE54-9A1E7A4F7556}") = "Test.Core", "Test.Core\Test.Core.csproj", "{77EA0855-7111-438F-A60F-69564635A144}"
EndProject
Project("{9A19103F-16F7-4668-BE54-9A1E7A4F7556}") = "Test.WebAPI", "Test.WebAPI\Test.WebAPI.csproj", "{A0279BEF-C524-4246-8D64-7FAA6F653818}"
EndProject
Project("{9A19103F-16F7-4668-BE54-9A1E7A4F7556}") = "Test.Data", "Test.Data\Test.Data.csproj", "{872C61F0-A540-4CAA-8826-8AAC0B4D5149}"
EndProject
Project("{9A19103F-16F7-4668-BE54-9A1E7A4F7556}") = "Test.MVC", "Test.MVC\Test.MVC.csproj", "{10CA7B3F-C73F-449C-AFED-6AA4FB7FC572}"
EndProject
Global
	GlobalSection(SolutionConfigurationPlatforms) = preSolution
		Debug|Any CPU = Debug|Any CPU
		Release|Any CPU = Release|Any CPU
	EndGlobalSection
	GlobalSection(ProjectConfigurationPlatforms) = postSolution
		{1CB9EC1B-53A5-4623-ACEB-8DD495359539}.Debug|Any CPU.ActiveCfg = Debug|Any CPU
		{1CB9EC1B-53A5-4623-ACEB-8DD495359539}.Debug|Any CPU.Build.0 = Debug|Any CPU
		{1CB9EC1B-53A5-4623-ACEB-8DD495359539}.Release|Any CPU.ActiveCfg = Release|Any CPU
		{1CB9EC1B-53A5-4623-ACEB-8DD495359539}.Release|Any CPU.Build.0 = Release|Any CPU
		{77EA0855-7111-438F-A60F-69564635A144}.Debug|Any CPU.ActiveCfg = Debug|Any CPU
		{77EA0855-7111-438F-A60F-69564635A144}.Debug|Any CPU.Build.0 = Debug|Any CPU
		{77EA0855-7111-438F-A60F-69564635A144}.Release|Any CPU.ActiveCfg = Release|Any CPU
		{77EA0855-7111-438F-A60F-69564635A144}.Release|Any CPU.Build.0 = Release|Any CPU
		{A0279BEF-C524-4246-8D64-7FAA6F653818}.Debug|Any CPU.ActiveCfg = Debug|Any CPU
		{A0279BEF-C524-4246-8D64-7FAA6F653818}.Debug|Any CPU.Build.0 = Debug|Any CPU
		{A0279BEF-C524-4246-8D64-7FAA6F653818}.Release|Any CPU.ActiveCfg = Release|Any CPU
		{A0279BEF-C524-4246-8D64-7FAA6F653818}.Release|Any CPU.Build.0 = Release|Any CPU
		{872C61F0-A540-4CAA-8826-8AAC0B4D5149}.Debug|Any CPU.ActiveCfg = Debug|Any CPU
		{872C61F0-A540-4CAA-8826-8AAC0B4D5149}.Debug|Any CPU.Build.0 = Debug|Any CPU
		{872C61F0-A540-4CAA-8826-8AAC0B4D5149}.Release|Any CPU.ActiveCfg = Release|Any CPU
		{872C61F0-A540-4CAA-8826-8AAC0B4D5149}.Release|Any CPU.Build.0 = Release|Any CPU
		{10CA7B3F-C73F-449C-AFED-6AA4FB7FC572}.Debug|Any CPU.ActiveCfg = Debug|Any CPU
		{10CA7B3F-C73F-449C-AFED-6AA4FB7FC572}.Debug|Any CPU.Build.0 = Debug|Any CPU
		{10CA7B3F-C73F-449C-AFED-6AA4FB7FC572}.Release|Any CPU.ActiveCfg = Release|Any CPU
		{10CA7B3F-C73F-449C-AFED-6AA4FB7FC572}.Release|Any CPU.Build.0 = Release|Any CPU
	EndGlobalSection
	GlobalSection(SolutionProperties) = preSolution
		HideSolutionNode = FALSE
	EndGlobalSection
	GlobalSection(ExtensibilityGlobals) = postSolution
		SolutionGuid = {4050D7E6-71DA-4825-A060-2B91EDD6FEEE}
	EndGlobalSection
EndGlobal
